
Microsoft Visual Studio Solution File, Format Version 12.00
# Visual Studio 15
VisualStudioVersion = 15.0.27130.2027
MinimumVisualStudioVersion = 10.0.40219.1
Project("{8BC9CEB8-8B4A-11D0-8D11-00A0C91BC942}") = "Aplicação", "Aplicação\Aplicação.vcxproj", "{382E5ED7-9A3E-446C-B621-AFD4BDABAAF2}"
EndProject
Global
	GlobalSection(SolutionConfigurationPlatforms) = preSolution
		Debug|x64 = Debug|x64
		Debug|x86 = Debug|x86
		Release|x64 = Release|x64
		Release|x86 = Release|x86
	EndGlobalSection
	GlobalSection(ProjectConfigurationPlatforms) = postSolution
		{382E5ED7-9A3E-446C-B621-AFD4BDABAAF2}.Debug|x64.ActiveCfg = Debug|x64
		{382E5ED7-9A3E-446C-B621-AFD4BDABAAF2}.Debug|x64.Build.0 = Debug|x64
		{382E5ED7-9A3E-446C-B621-AFD4BDABAAF2}.Debug|x86.ActiveCfg = Debug|Win32
		{382E5ED7-9A3E-446C-B621-AFD4BDABAAF2}.Debug|x86.Build.0 = Debug|Win32
		{382E5ED7-9A3E-446C-B621-AFD4BDABAAF2}.Release|x64.ActiveCfg = Release|x64
		{382E5ED7-9A3E-446C-B621-AFD4BDABAAF2}.Release|x64.Build.0 = Release|x64
		{382E5ED7-9A3E-446C-B621-AFD4BDABAAF2}.Release|x86.ActiveCfg = Release|Win32
		{382E5ED7-9A3E-446C-B621-AFD4BDABAAF2}.Release|x86.Build.0 = Release|Win32
	EndGlobalSection
	GlobalSection(SolutionProperties) = preSolution
		HideSolutionNode = FALSE
	EndGlobalSection
	GlobalSection(ExtensibilityGlobals) = postSolution
		SolutionGuid = {6E5C7842-C588-415C-BBB0-A1DEF1ED0791}
	EndGlobalSection
EndGlobal
